
Microsoft Visual Studio Solution File, Format Version 12.00
# Visual Studio Version 17
VisualStudioVersion = 17.0.32112.339
MinimumVisualStudioVersion = 10.0.40219.1
Project("{FAE04EC0-301F-11D3-BF4B-00C04F79EFBC}") = "ConsoleApp2", "ConsoleApp2\ConsoleApp2.csproj", "{6770FBAA-7549-47E8-A708-F6783F96257B}"
EndProject
Global
	GlobalSection(SolutionConfigurationPlatforms) = preSolution
		Debug|Any CPU = Debug|Any CPU
		Release|Any CPU = Release|Any CPU
	EndGlobalSection
	GlobalSection(ProjectConfigurationPlatforms) = postSolution
		{6770FBAA-7549-47E8-A708-F6783F96257B}.Debug|Any CPU.ActiveCfg = Debug|Any CPU
		{6770FBAA-7549-47E8-A708-F6783F96257B}.Debug|Any CPU.Build.0 = Debug|Any CPU
		{6770FBAA-7549-47E8-A708-F6783F96257B}.Release|Any CPU.ActiveCfg = Release|Any CPU
		{6770FBAA-7549-47E8-A708-F6783F96257B}.Release|Any CPU.Build.0 = Release|Any CPU
	EndGlobalSection
	GlobalSection(SolutionProperties) = preSolution
		HideSolutionNode = FALSE
	EndGlobalSection
	GlobalSection(ExtensibilityGlobals) = postSolution
		SolutionGuid = {87BCFE48-9E23-4583-9EA3-AF1635E801B1}
	EndGlobalSection
EndGlobal
